
Microsoft Visual Studio Solution File, Format Version 12.00
# Visual Studio 15
VisualStudioVersion = 15.0.28307.1500
MinimumVisualStudioVersion = 10.0.40219.1
Project("{8BC9CEB8-8B4A-11D0-8D11-00A0C91BC942}") = "9_2_Safe_Implementation_Time", "9_2_Safe_Implementation_Time\9_2_Safe_Implementation_Time.vcxproj", "{E4A85BF6-6350-466A-9EDA-095CCA5E2C8E}"
EndProject
Global
	GlobalSection(SolutionConfigurationPlatforms) = preSolution
		Debug|x64 = Debug|x64
		Debug|x86 = Debug|x86
		Release|x64 = Release|x64
		Release|x86 = Release|x86
	EndGlobalSection
	GlobalSection(ProjectConfigurationPlatforms) = postSolution
		{E4A85BF6-6350-466A-9EDA-095CCA5E2C8E}.Debug|x64.ActiveCfg = Debug|x64
		{E4A85BF6-6350-466A-9EDA-095CCA5E2C8E}.Debug|x64.Build.0 = Debug|x64
		{E4A85BF6-6350-466A-9EDA-095CCA5E2C8E}.Debug|x86.ActiveCfg = Debug|Win32
		{E4A85BF6-6350-466A-9EDA-095CCA5E2C8E}.Debug|x86.Build.0 = Debug|Win32
		{E4A85BF6-6350-466A-9EDA-095CCA5E2C8E}.Release|x64.ActiveCfg = Release|x64
		{E4A85BF6-6350-466A-9EDA-095CCA5E2C8E}.Release|x64.Build.0 = Release|x64
		{E4A85BF6-6350-466A-9EDA-095CCA5E2C8E}.Release|x86.ActiveCfg = Release|Win32
		{E4A85BF6-6350-466A-9EDA-095CCA5E2C8E}.Release|x86.Build.0 = Release|Win32
	EndGlobalSection
	GlobalSection(SolutionProperties) = preSolution
		HideSolutionNode = FALSE
	EndGlobalSection
	GlobalSection(ExtensibilityGlobals) = postSolution
		SolutionGuid = {526C9AA9-E8E1-4216-B921-E63159117F4B}
	EndGlobalSection
EndGlobal
